
Microsoft Visual Studio Solution File, Format Version 12.00
# Visual Studio 15
Project("{FAE04EC0-301F-11D3-BF4B-00C04F79EFBC}") = "UnityEngine.TestRunner", "UnityEngine.TestRunner.csproj", "{507BEC20-03B4-41B2-4CC1-EDD09E796780}"
EndProject
Project("{FAE04EC0-301F-11D3-BF4B-00C04F79EFBC}") = "Unity.VisualScripting.Flow", "Unity.VisualScripting.Flow.csproj", "{ABFD12B3-5D82-D7D3-F83A-CF696EC79159}"
EndProject
Project("{FAE04EC0-301F-11D3-BF4B-00C04F79EFBC}") = "Unity.VisualScripting.State", "Unity.VisualScripting.State.csproj", "{BF3C4C54-11C1-DB17-4EC8-EF2EBD044580}"
EndProject
Project("{FAE04EC0-301F-11D3-BF4B-00C04F79EFBC}") = "Unity.VisualScripting.Core", "Unity.VisualScripting.Core.csproj", "{EDBE0271-5F19-C1A1-B82E-F7106D0EEAAF}"
EndProject
Project("{FAE04EC0-301F-11D3-BF4B-00C04F79EFBC}") = "Assembly-CSharp", "Assembly-CSharp.csproj", "{9EE4E705-AB28-DB17-D9B1-853AD4FF018C}"
EndProject
Project("{FAE04EC0-301F-11D3-BF4B-00C04F79EFBC}") = "Unity.TextMeshPro", "Unity.TextMeshPro.csproj", "{239E7C78-7FEF-C7E8-2267-E2DE08B6F59D}"
EndProject
Project("{FAE04EC0-301F-11D3-BF4B-00C04F79EFBC}") = "Unity.Timeline", "Unity.Timeline.csproj", "{24918494-0330-68E4-A629-4EE46BA81C79}"
EndProject
Project("{FAE04EC0-301F-11D3-BF4B-00C04F79EFBC}") = "TTWebGL", "TTWebGL.csproj", "{87DB33C3-29FF-1E41-2954-10B46728ACAF}"
EndProject
Project("{FAE04EC0-301F-11D3-BF4B-00C04F79EFBC}") = "TTLitJson", "TTLitJson.csproj", "{BB75C0CA-9CCA-90E7-73F1-1DC5FB572C06}"
EndProject
Project("{FAE04EC0-301F-11D3-BF4B-00C04F79EFBC}") = "Unity.PlasticSCM.Editor", "Unity.PlasticSCM.Editor.csproj", "{BB8F55E9-0ED8-FF5B-AB78-E551E8C5B8ED}"
EndProject
Project("{FAE04EC0-301F-11D3-BF4B-00C04F79EFBC}") = "Unity.VisualScripting.Core.Editor", "Unity.VisualScripting.Core.Editor.csproj", "{593DEB1C-9603-709C-CA2F-E2C8051EF235}"
EndProject
Project("{FAE04EC0-301F-11D3-BF4B-00C04F79EFBC}") = "Unity.VisualScripting.Flow.Editor", "Unity.VisualScripting.Flow.Editor.csproj", "{158EE3C7-607E-0E97-A750-9445AB2802AB}"
EndProject
Project("{FAE04EC0-301F-11D3-BF4B-00C04F79EFBC}") = "Unity.VisualStudio.Editor", "Unity.VisualStudio.Editor.csproj", "{A66C4877-8137-AEB3-D991-9551CE11220B}"
EndProject
Project("{FAE04EC0-301F-11D3-BF4B-00C04F79EFBC}") = "Unity.Timeline.Editor", "Unity.Timeline.Editor.csproj", "{8177A6DC-2B89-AD04-55D2-A4FFBF5CC9A3}"
EndProject
Project("{FAE04EC0-301F-11D3-BF4B-00C04F79EFBC}") = "Unity.VisualScripting.State.Editor", "Unity.VisualScripting.State.Editor.csproj", "{AF901314-C3BA-E9D3-15BF-86A721777FE7}"
EndProject
Project("{FAE04EC0-301F-11D3-BF4B-00C04F79EFBC}") = "Unity.TextMeshPro.Editor", "Unity.TextMeshPro.Editor.csproj", "{974E8031-DE23-F7D3-1EDE-A804EE050114}"
EndProject
Project("{FAE04EC0-301F-11D3-BF4B-00C04F79EFBC}") = "Unity.VisualScripting.SettingsProvider.Editor", "Unity.VisualScripting.SettingsProvider.Editor.csproj", "{D597B478-B87C-720B-7DA3-E9027EBCA929}"
EndProject
Project("{FAE04EC0-301F-11D3-BF4B-00C04F79EFBC}") = "UnityEditor.TestRunner", "UnityEditor.TestRunner.csproj", "{FFEBD4F1-B547-576A-FC06-B2C0AEA8C9B6}"
EndProject
Project("{FAE04EC0-301F-11D3-BF4B-00C04F79EFBC}") = "Unity.TestTools.CodeCoverage.Editor", "Unity.TestTools.CodeCoverage.Editor.csproj", "{D7C7F837-146E-F08A-8AE4-9D049C85689F}"
EndProject
Project("{FAE04EC0-301F-11D3-BF4B-00C04F79EFBC}") = "Unity.Rider.Editor", "Unity.Rider.Editor.csproj", "{2D396392-3E8B-9F44-3FEE-7C951707FDD3}"
EndProject
Project("{FAE04EC0-301F-11D3-BF4B-00C04F79EFBC}") = "Unity.Performance.Profile-Analyzer.Editor", "Unity.Performance.Profile-Analyzer.Editor.csproj", "{7AC1E5F8-1C43-A226-3245-F2A75043824F}"
EndProject
Project("{FAE04EC0-301F-11D3-BF4B-00C04F79EFBC}") = "Unity.VSCode.Editor", "Unity.VSCode.Editor.csproj", "{DABDDD6C-37C3-4EA2-5A16-257958E93BF0}"
EndProject
Project("{FAE04EC0-301F-11D3-BF4B-00C04F79EFBC}") = "Unity.TestTools.CodeCoverage.Editor.OpenCover.Model", "Unity.TestTools.CodeCoverage.Editor.OpenCover.Model.csproj", "{81F28D10-CCD4-6B66-B13C-D2E2DE11623C}"
EndProject
Project("{FAE04EC0-301F-11D3-BF4B-00C04F79EFBC}") = "Unity.EditorCoroutines.Editor", "Unity.EditorCoroutines.Editor.csproj", "{E8809D58-8B6A-DC22-9012-A8EEE5294B56}"
EndProject
Project("{FAE04EC0-301F-11D3-BF4B-00C04F79EFBC}") = "Unity.Settings.Editor", "Unity.Settings.Editor.csproj", "{0B179AC3-0787-82D3-E11F-47053151D600}"
EndProject
Project("{FAE04EC0-301F-11D3-BF4B-00C04F79EFBC}") = "Unity.CollabProxy.Editor", "Unity.CollabProxy.Editor.csproj", "{9B3735BA-9B1F-8369-CCAA-C0404595DFE6}"
EndProject
Project("{FAE04EC0-301F-11D3-BF4B-00C04F79EFBC}") = "com.bytedance.ttsdk-editor", "com.bytedance.ttsdk-editor.csproj", "{C93A935C-F290-8881-1389-874941DAD98C}"
EndProject
Project("{FAE04EC0-301F-11D3-BF4B-00C04F79EFBC}") = "Unity.TestTools.CodeCoverage.Editor.OpenCover.Mono.Reflection", "Unity.TestTools.CodeCoverage.Editor.OpenCover.Mono.Reflection.csproj", "{A3838570-F992-C794-DF1B-96441571ACAA}"
EndProject
Project("{FAE04EC0-301F-11D3-BF4B-00C04F79EFBC}") = "Unity.VisualScripting.Shared.Editor", "Unity.VisualScripting.Shared.Editor.csproj", "{1B3F92AB-A041-722A-80F1-ADD1D05A713C}"
EndProject
Global
	GlobalSection(SolutionConfigurationPlatforms) = preSolution
		Debug|Any CPU = Debug|Any CPU
		Release|Any CPU = Release|Any CPU
	EndGlobalSection
	GlobalSection(ProjectConfigurationPlatforms) = postSolution
		{507BEC20-03B4-41B2-4CC1-EDD09E796780}.Debug|Any CPU.ActiveCfg = Debug|Any CPU
		{507BEC20-03B4-41B2-4CC1-EDD09E796780}.Debug|Any CPU.Build.0 = Debug|Any CPU
		{507BEC20-03B4-41B2-4CC1-EDD09E796780}.Release|Any CPU.ActiveCfg = Release|Any CPU
		{507BEC20-03B4-41B2-4CC1-EDD09E796780}.Release|Any CPU.Build.0 = Release|Any CPU
		{ABFD12B3-5D82-D7D3-F83A-CF696EC79159}.Debug|Any CPU.ActiveCfg = Debug|Any CPU
		{ABFD12B3-5D82-D7D3-F83A-CF696EC79159}.Debug|Any CPU.Build.0 = Debug|Any CPU
		{ABFD12B3-5D82-D7D3-F83A-CF696EC79159}.Release|Any CPU.ActiveCfg = Release|Any CPU
		{ABFD12B3-5D82-D7D3-F83A-CF696EC79159}.Release|Any CPU.Build.0 = Release|Any CPU
		{BF3C4C54-11C1-DB17-4EC8-EF2EBD044580}.Debug|Any CPU.ActiveCfg = Debug|Any CPU
		{BF3C4C54-11C1-DB17-4EC8-EF2EBD044580}.Debug|Any CPU.Build.0 = Debug|Any CPU
		{BF3C4C54-11C1-DB17-4EC8-EF2EBD044580}.Release|Any CPU.ActiveCfg = Release|Any CPU
		{BF3C4C54-11C1-DB17-4EC8-EF2EBD044580}.Release|Any CPU.Build.0 = Release|Any CPU
		{EDBE0271-5F19-C1A1-B82E-F7106D0EEAAF}.Debug|Any CPU.ActiveCfg = Debug|Any CPU
		{EDBE0271-5F19-C1A1-B82E-F7106D0EEAAF}.Debug|Any CPU.Build.0 = Debug|Any CPU
		{EDBE0271-5F19-C1A1-B82E-F7106D0EEAAF}.Release|Any CPU.ActiveCfg = Release|Any CPU
		{EDBE0271-5F19-C1A1-B82E-F7106D0EEAAF}.Release|Any CPU.Build.0 = Release|Any CPU
		{9EE4E705-AB28-DB17-D9B1-853AD4FF018C}.Debug|Any CPU.ActiveCfg = Debug|Any CPU
		{9EE4E705-AB28-DB17-D9B1-853AD4FF018C}.Debug|Any CPU.Build.0 = Debug|Any CPU
		{9EE4E705-AB28-DB17-D9B1-853AD4FF018C}.Release|Any CPU.ActiveCfg = Release|Any CPU
		{9EE4E705-AB28-DB17-D9B1-853AD4FF018C}.Release|Any CPU.Build.0 = Release|Any CPU
		{239E7C78-7FEF-C7E8-2267-E2DE08B6F59D}.Debug|Any CPU.ActiveCfg = Debug|Any CPU
		{239E7C78-7FEF-C7E8-2267-E2DE08B6F59D}.Debug|Any CPU.Build.0 = Debug|Any CPU
		{239E7C78-7FEF-C7E8-2267-E2DE08B6F59D}.Release|Any CPU.ActiveCfg = Release|Any CPU
		{239E7C78-7FEF-C7E8-2267-E2DE08B6F59D}.Release|Any CPU.Build.0 = Release|Any CPU
		{24918494-0330-68E4-A629-4EE46BA81C79}.Debug|Any CPU.ActiveCfg = Debug|Any CPU
		{24918494-0330-68E4-A629-4EE46BA81C79}.Debug|Any CPU.Build.0 = Debug|Any CPU
		{24918494-0330-68E4-A629-4EE46BA81C79}.Release|Any CPU.ActiveCfg = Release|Any CPU
		{24918494-0330-68E4-A629-4EE46BA81C79}.Release|Any CPU.Build.0 = Release|Any CPU
		{87DB33C3-29FF-1E41-2954-10B46728ACAF}.Debug|Any CPU.ActiveCfg = Debug|Any CPU
		{87DB33C3-29FF-1E41-2954-10B46728ACAF}.Debug|Any CPU.Build.0 = Debug|Any CPU
		{87DB33C3-29FF-1E41-2954-10B46728ACAF}.Release|Any CPU.ActiveCfg = Release|Any CPU
		{87DB33C3-29FF-1E41-2954-10B46728ACAF}.Release|Any CPU.Build.0 = Release|Any CPU
		{BB75C0CA-9CCA-90E7-73F1-1DC5FB572C06}.Debug|Any CPU.ActiveCfg = Debug|Any CPU
		{BB75C0CA-9CCA-90E7-73F1-1DC5FB572C06}.Debug|Any CPU.Build.0 = Debug|Any CPU
		{BB75C0CA-9CCA-90E7-73F1-1DC5FB572C06}.Release|Any CPU.ActiveCfg = Release|Any CPU
		{BB75C0CA-9CCA-90E7-73F1-1DC5FB572C06}.Release|Any CPU.Build.0 = Release|Any CPU
		{BB8F55E9-0ED8-FF5B-AB78-E551E8C5B8ED}.Debug|Any CPU.ActiveCfg = Debug|Any CPU
		{BB8F55E9-0ED8-FF5B-AB78-E551E8C5B8ED}.Debug|Any CPU.Build.0 = Debug|Any CPU
		{BB8F55E9-0ED8-FF5B-AB78-E551E8C5B8ED}.Release|Any CPU.ActiveCfg = Release|Any CPU
		{BB8F55E9-0ED8-FF5B-AB78-E551E8C5B8ED}.Release|Any CPU.Build.0 = Release|Any CPU
		{593DEB1C-9603-709C-CA2F-E2C8051EF235}.Debug|Any CPU.ActiveCfg = Debug|Any CPU
		{593DEB1C-9603-709C-CA2F-E2C8051EF235}.Debug|Any CPU.Build.0 = Debug|Any CPU
		{593DEB1C-9603-709C-CA2F-E2C8051EF235}.Release|Any CPU.ActiveCfg = Release|Any CPU
		{593DEB1C-9603-709C-CA2F-E2C8051EF235}.Release|Any CPU.Build.0 = Release|Any CPU
		{158EE3C7-607E-0E97-A750-9445AB2802AB}.Debug|Any CPU.ActiveCfg = Debug|Any CPU
		{158EE3C7-607E-0E97-A750-9445AB2802AB}.Debug|Any CPU.Build.0 = Debug|Any CPU
		{158EE3C7-607E-0E97-A750-9445AB2802AB}.Release|Any CPU.ActiveCfg = Release|Any CPU
		{158EE3C7-607E-0E97-A750-9445AB2802AB}.Release|Any CPU.Build.0 = Release|Any CPU
		{A66C4877-8137-AEB3-D991-9551CE11220B}.Debug|Any CPU.ActiveCfg = Debug|Any CPU
		{A66C4877-8137-AEB3-D991-9551CE11220B}.Debug|Any CPU.Build.0 = Debug|Any CPU
		{A66C4877-8137-AEB3-D991-9551CE11220B}.Release|Any CPU.ActiveCfg = Release|Any CPU
		{A66C4877-8137-AEB3-D991-9551CE11220B}.Release|Any CPU.Build.0 = Release|Any CPU
		{8177A6DC-2B89-AD04-55D2-A4FFBF5CC9A3}.Debug|Any CPU.ActiveCfg = Debug|Any CPU
		{8177A6DC-2B89-AD04-55D2-A4FFBF5CC9A3}.Debug|Any CPU.Build.0 = Debug|Any CPU
		{8177A6DC-2B89-AD04-55D2-A4FFBF5CC9A3}.Release|Any CPU.ActiveCfg = Release|Any CPU
		{8177A6DC-2B89-AD04-55D2-A4FFBF5CC9A3}.Release|Any CPU.Build.0 = Release|Any CPU
		{AF901314-C3BA-E9D3-15BF-86A721777FE7}.Debug|Any CPU.ActiveCfg = Debug|Any CPU
		{AF901314-C3BA-E9D3-15BF-86A721777FE7}.Debug|Any CPU.Build.0 = Debug|Any CPU
		{AF901314-C3BA-E9D3-15BF-86A721777FE7}.Release|Any CPU.ActiveCfg = Release|Any CPU
		{AF901314-C3BA-E9D3-15BF-86A721777FE7}.Release|Any CPU.Build.0 = Release|Any CPU
		{974E8031-DE23-F7D3-1EDE-A804EE050114}.Debug|Any CPU.ActiveCfg = Debug|Any CPU
		{974E8031-DE23-F7D3-1EDE-A804EE050114}.Debug|Any CPU.Build.0 = Debug|Any CPU
		{974E8031-DE23-F7D3-1EDE-A804EE050114}.Release|Any CPU.ActiveCfg = Release|Any CPU
		{974E8031-DE23-F7D3-1EDE-A804EE050114}.Release|Any CPU.Build.0 = Release|Any CPU
		{D597B478-B87C-720B-7DA3-E9027EBCA929}.Debug|Any CPU.ActiveCfg = Debug|Any CPU
		{D597B478-B87C-720B-7DA3-E9027EBCA929}.Debug|Any CPU.Build.0 = Debug|Any CPU
		{D597B478-B87C-720B-7DA3-E9027EBCA929}.Release|Any CPU.ActiveCfg = Release|Any CPU
		{D597B478-B87C-720B-7DA3-E9027EBCA929}.Release|Any CPU.Build.0 = Release|Any CPU
		{FFEBD4F1-B547-576A-FC06-B2C0AEA8C9B6}.Debug|Any CPU.ActiveCfg = Debug|Any CPU
		{FFEBD4F1-B547-576A-FC06-B2C0AEA8C9B6}.Debug|Any CPU.Build.0 = Debug|Any CPU
		{FFEBD4F1-B547-576A-FC06-B2C0AEA8C9B6}.Release|Any CPU.ActiveCfg = Release|Any CPU
		{FFEBD4F1-B547-576A-FC06-B2C0AEA8C9B6}.Release|Any CPU.Build.0 = Release|Any CPU
		{D7C7F837-146E-F08A-8AE4-9D049C85689F}.Debug|Any CPU.ActiveCfg = Debug|Any CPU
		{D7C7F837-146E-F08A-8AE4-9D049C85689F}.Debug|Any CPU.Build.0 = Debug|Any CPU
		{D7C7F837-146E-F08A-8AE4-9D049C85689F}.Release|Any CPU.ActiveCfg = Release|Any CPU
		{D7C7F837-146E-F08A-8AE4-9D049C85689F}.Release|Any CPU.Build.0 = Release|Any CPU
		{2D396392-3E8B-9F44-3FEE-7C951707FDD3}.Debug|Any CPU.ActiveCfg = Debug|Any CPU
		{2D396392-3E8B-9F44-3FEE-7C951707FDD3}.Debug|Any CPU.Build.0 = Debug|Any CPU
		{2D396392-3E8B-9F44-3FEE-7C951707FDD3}.Release|Any CPU.ActiveCfg = Release|Any CPU
		{2D396392-3E8B-9F44-3FEE-7C951707FDD3}.Release|Any CPU.Build.0 = Release|Any CPU
		{7AC1E5F8-1C43-A226-3245-F2A75043824F}.Debug|Any CPU.ActiveCfg = Debug|Any CPU
		{7AC1E5F8-1C43-A226-3245-F2A75043824F}.Debug|Any CPU.Build.0 = Debug|Any CPU
		{7AC1E5F8-1C43-A226-3245-F2A75043824F}.Release|Any CPU.ActiveCfg = Release|Any CPU
		{7AC1E5F8-1C43-A226-3245-F2A75043824F}.Release|Any CPU.Build.0 = Release|Any CPU
		{DABDDD6C-37C3-4EA2-5A16-257958E93BF0}.Debug|Any CPU.ActiveCfg = Debug|Any CPU
		{DABDDD6C-37C3-4EA2-5A16-257958E93BF0}.Debug|Any CPU.Build.0 = Debug|Any CPU
		{DABDDD6C-37C3-4EA2-5A16-257958E93BF0}.Release|Any CPU.ActiveCfg = Release|Any CPU
		{DABDDD6C-37C3-4EA2-5A16-257958E93BF0}.Release|Any CPU.Build.0 = Release|Any CPU
		{81F28D10-CCD4-6B66-B13C-D2E2DE11623C}.Debug|Any CPU.ActiveCfg = Debug|Any CPU
		{81F28D10-CCD4-6B66-B13C-D2E2DE11623C}.Debug|Any CPU.Build.0 = Debug|Any CPU
		{81F28D10-CCD4-6B66-B13C-D2E2DE11623C}.Release|Any CPU.ActiveCfg = Release|Any CPU
		{81F28D10-CCD4-6B66-B13C-D2E2DE11623C}.Release|Any CPU.Build.0 = Release|Any CPU
		{E8809D58-8B6A-DC22-9012-A8EEE5294B56}.Debug|Any CPU.ActiveCfg = Debug|Any CPU
		{E8809D58-8B6A-DC22-9012-A8EEE5294B56}.Debug|Any CPU.Build.0 = Debug|Any CPU
		{E8809D58-8B6A-DC22-9012-A8EEE5294B56}.Release|Any CPU.ActiveCfg = Release|Any CPU
		{E8809D58-8B6A-DC22-9012-A8EEE5294B56}.Release|Any CPU.Build.0 = Release|Any CPU
		{0B179AC3-0787-82D3-E11F-47053151D600}.Debug|Any CPU.ActiveCfg = Debug|Any CPU
		{0B179AC3-0787-82D3-E11F-47053151D600}.Debug|Any CPU.Build.0 = Debug|Any CPU
		{0B179AC3-0787-82D3-E11F-47053151D600}.Release|Any CPU.ActiveCfg = Release|Any CPU
		{0B179AC3-0787-82D3-E11F-47053151D600}.Release|Any CPU.Build.0 = Release|Any CPU
		{9B3735BA-9B1F-8369-CCAA-C0404595DFE6}.Debug|Any CPU.ActiveCfg = Debug|Any CPU
		{9B3735BA-9B1F-8369-CCAA-C0404595DFE6}.Debug|Any CPU.Build.0 = Debug|Any CPU
		{9B3735BA-9B1F-8369-CCAA-C0404595DFE6}.Release|Any CPU.ActiveCfg = Release|Any CPU
		{9B3735BA-9B1F-8369-CCAA-C0404595DFE6}.Release|Any CPU.Build.0 = Release|Any CPU
		{C93A935C-F290-8881-1389-874941DAD98C}.Debug|Any CPU.ActiveCfg = Debug|Any CPU
		{C93A935C-F290-8881-1389-874941DAD98C}.Debug|Any CPU.Build.0 = Debug|Any CPU
		{C93A935C-F290-8881-1389-874941DAD98C}.Release|Any CPU.ActiveCfg = Release|Any CPU
		{C93A935C-F290-8881-1389-874941DAD98C}.Release|Any CPU.Build.0 = Release|Any CPU
		{A3838570-F992-C794-DF1B-96441571ACAA}.Debug|Any CPU.ActiveCfg = Debug|Any CPU
		{A3838570-F992-C794-DF1B-96441571ACAA}.Debug|Any CPU.Build.0 = Debug|Any CPU
		{A3838570-F992-C794-DF1B-96441571ACAA}.Release|Any CPU.ActiveCfg = Release|Any CPU
		{A3838570-F992-C794-DF1B-96441571ACAA}.Release|Any CPU.Build.0 = Release|Any CPU
		{1B3F92AB-A041-722A-80F1-ADD1D05A713C}.Debug|Any CPU.ActiveCfg = Debug|Any CPU
		{1B3F92AB-A041-722A-80F1-ADD1D05A713C}.Debug|Any CPU.Build.0 = Debug|Any CPU
		{1B3F92AB-A041-722A-80F1-ADD1D05A713C}.Release|Any CPU.ActiveCfg = Release|Any CPU
		{1B3F92AB-A041-722A-80F1-ADD1D05A713C}.Release|Any CPU.Build.0 = Release|Any CPU
	EndGlobalSection
	GlobalSection(SolutionProperties) = preSolution
		HideSolutionNode = FALSE
	EndGlobalSection
EndGlobal
